
Microsoft Visual Studio Solution File, Format Version 12.00
# Visual Studio 15
VisualStudioVersion = 15.0.28307.106
MinimumVisualStudioVersion = 10.0.40219.1
Project("{D2ABAB84-BF74-430A-B69E-9DC6D40DDA17}") = "MDSales", "MDSales\MDSales.dwproj", "{706DC2E3-407B-404C-991D-68A27F0C37B0}"
EndProject
Global
	GlobalSection(SolutionConfigurationPlatforms) = preSolution
		Development|Default = Development|Default
	EndGlobalSection
	GlobalSection(ProjectConfigurationPlatforms) = postSolution
		{706DC2E3-407B-404C-991D-68A27F0C37B0}.Development|Default.ActiveCfg = Development
		{706DC2E3-407B-404C-991D-68A27F0C37B0}.Development|Default.Build.0 = Development
		{706DC2E3-407B-404C-991D-68A27F0C37B0}.Development|Default.Deploy.0 = Development
	EndGlobalSection
	GlobalSection(SolutionProperties) = preSolution
		HideSolutionNode = FALSE
	EndGlobalSection
	GlobalSection(ExtensibilityGlobals) = postSolution
		SolutionGuid = {869787BD-967D-4EC0-B2BC-5ED8D893D4BC}
	EndGlobalSection
EndGlobal
